
Microsoft Visual Studio Solution File, Format Version 12.00
# Visual Studio Version 16
VisualStudioVersion = 16.0.29609.76
MinimumVisualStudioVersion = 10.0.40219.1
Project("{9A19103F-16F7-4668-BE54-9A1E7A4F7556}") = "document-generator", "document-generator\document-generator.csproj", "{5224127C-48F0-449C-9D54-9B266E3F92F2}"
EndProject
Project("{FAE04EC0-301F-11D3-BF4B-00C04F79EFBC}") = "BasicControlLibrary", "BasicControlLibrary\BasicControlLibrary.csproj", "{F04BF522-9BED-4AA9-8DB3-8E67D93A6621}"
EndProject
Global
	GlobalSection(SolutionConfigurationPlatforms) = preSolution
		Debug|Any CPU = Debug|Any CPU
		Release|Any CPU = Release|Any CPU
	EndGlobalSection
	GlobalSection(ProjectConfigurationPlatforms) = postSolution
		{5224127C-48F0-449C-9D54-9B266E3F92F2}.Debug|Any CPU.ActiveCfg = Debug|Any CPU
		{5224127C-48F0-449C-9D54-9B266E3F92F2}.Debug|Any CPU.Build.0 = Debug|Any CPU
		{5224127C-48F0-449C-9D54-9B266E3F92F2}.Release|Any CPU.ActiveCfg = Release|Any CPU
		{5224127C-48F0-449C-9D54-9B266E3F92F2}.Release|Any CPU.Build.0 = Release|Any CPU
		{F04BF522-9BED-4AA9-8DB3-8E67D93A6621}.Debug|Any CPU.ActiveCfg = Debug|Any CPU
		{F04BF522-9BED-4AA9-8DB3-8E67D93A6621}.Debug|Any CPU.Build.0 = Debug|Any CPU
		{F04BF522-9BED-4AA9-8DB3-8E67D93A6621}.Release|Any CPU.ActiveCfg = Release|Any CPU
		{F04BF522-9BED-4AA9-8DB3-8E67D93A6621}.Release|Any CPU.Build.0 = Release|Any CPU
	EndGlobalSection
	GlobalSection(SolutionProperties) = preSolution
		HideSolutionNode = FALSE
	EndGlobalSection
	GlobalSection(ExtensibilityGlobals) = postSolution
		SolutionGuid = {A2DC79B0-4F3E-4900-8FCE-EBF088405C72}
	EndGlobalSection
EndGlobal
