
Microsoft Visual Studio Solution File, Format Version 12.00
# Visual Studio Version 16
VisualStudioVersion = 16.0.29613.14
MinimumVisualStudioVersion = 10.0.40219.1
Project("{9A19103F-16F7-4668-BE54-9A1E7A4F7556}") = "XMLToDocument", "XMLToDocument\XMLToDocument.csproj", "{224FBD96-8347-4113-A5E5-6ABAA891081B}"
EndProject
Project("{9A19103F-16F7-4668-BE54-9A1E7A4F7556}") = "EditToolLibrary", "EditToolLibrary\EditToolLibrary.csproj", "{C0F1F6DF-FD3E-4D59-BFAD-9E9F62B1E73C}"
EndProject
Project("{9A19103F-16F7-4668-BE54-9A1E7A4F7556}") = "Components", "Components\Components.csproj", "{3D391FDB-145A-4230-AE6F-AD307CDFA4CA}"
EndProject
Global
	GlobalSection(SolutionConfigurationPlatforms) = preSolution
		Debug|Any CPU = Debug|Any CPU
		Release|Any CPU = Release|Any CPU
	EndGlobalSection
	GlobalSection(ProjectConfigurationPlatforms) = postSolution
		{224FBD96-8347-4113-A5E5-6ABAA891081B}.Debug|Any CPU.ActiveCfg = Debug|Any CPU
		{224FBD96-8347-4113-A5E5-6ABAA891081B}.Debug|Any CPU.Build.0 = Debug|Any CPU
		{224FBD96-8347-4113-A5E5-6ABAA891081B}.Release|Any CPU.ActiveCfg = Release|Any CPU
		{224FBD96-8347-4113-A5E5-6ABAA891081B}.Release|Any CPU.Build.0 = Release|Any CPU
		{C0F1F6DF-FD3E-4D59-BFAD-9E9F62B1E73C}.Debug|Any CPU.ActiveCfg = Debug|Any CPU
		{C0F1F6DF-FD3E-4D59-BFAD-9E9F62B1E73C}.Debug|Any CPU.Build.0 = Debug|Any CPU
		{C0F1F6DF-FD3E-4D59-BFAD-9E9F62B1E73C}.Release|Any CPU.ActiveCfg = Release|Any CPU
		{C0F1F6DF-FD3E-4D59-BFAD-9E9F62B1E73C}.Release|Any CPU.Build.0 = Release|Any CPU
		{3D391FDB-145A-4230-AE6F-AD307CDFA4CA}.Debug|Any CPU.ActiveCfg = Debug|Any CPU
		{3D391FDB-145A-4230-AE6F-AD307CDFA4CA}.Debug|Any CPU.Build.0 = Debug|Any CPU
		{3D391FDB-145A-4230-AE6F-AD307CDFA4CA}.Release|Any CPU.ActiveCfg = Release|Any CPU
		{3D391FDB-145A-4230-AE6F-AD307CDFA4CA}.Release|Any CPU.Build.0 = Release|Any CPU
	EndGlobalSection
	GlobalSection(SolutionProperties) = preSolution
		HideSolutionNode = FALSE
	EndGlobalSection
	GlobalSection(ExtensibilityGlobals) = postSolution
		SolutionGuid = {056E8126-3452-45FA-853A-39EA297E508B}
	EndGlobalSection
EndGlobal
